
Microsoft Visual Studio Solution File, Format Version 12.00
# Visual Studio Version 16
VisualStudioVersion = 16.0.31613.86
MinimumVisualStudioVersion = 10.0.40219.1
Project("{FAE04EC0-301F-11D3-BF4B-00C04F79EFBC}") = "Bela", "Bela.csproj", "{10EAE29C-BC89-43D7-8588-2ADDC396F4F9}"
EndProject
Global
	GlobalSection(SolutionConfigurationPlatforms) = preSolution
		Debug|Any CPU = Debug|Any CPU
		Release|Any CPU = Release|Any CPU
	EndGlobalSection
	GlobalSection(ProjectConfigurationPlatforms) = postSolution
		{10EAE29C-BC89-43D7-8588-2ADDC396F4F9}.Debug|Any CPU.ActiveCfg = Debug|Any CPU
		{10EAE29C-BC89-43D7-8588-2ADDC396F4F9}.Debug|Any CPU.Build.0 = Debug|Any CPU
		{10EAE29C-BC89-43D7-8588-2ADDC396F4F9}.Release|Any CPU.ActiveCfg = Release|Any CPU
		{10EAE29C-BC89-43D7-8588-2ADDC396F4F9}.Release|Any CPU.Build.0 = Release|Any CPU
	EndGlobalSection
	GlobalSection(SolutionProperties) = preSolution
		HideSolutionNode = FALSE
	EndGlobalSection
	GlobalSection(ExtensibilityGlobals) = postSolution
		SolutionGuid = {CC44561E-7C08-4923-819A-3C7B2A0E6DC7}
	EndGlobalSection
EndGlobal
